// !$*UTF8*$!
{
	archiveVersion = 1;
	classes = {
	};
	objectVersion = 50;
	objects = {

/* Begin PBXBuildFile section */
		7536E2AA247020680002BB65 /* AppDelegate.swift in Sources */ = {isa = PBXBuildFile; fileRef = 7536E2A9247020680002BB65 /* AppDelegate.swift */; };
		7536E2AC247020680002BB65 /* SceneDelegate.swift in Sources */ = {isa = PBXBuildFile; fileRef = 7536E2AB247020680002BB65 /* SceneDelegate.swift */; };
		7536E2AE247020680002BB65 /* ViewController.swift in Sources */ = {isa = PBXBuildFile; fileRef = 7536E2AD247020680002BB65 /* ViewController.swift */; };
		7536E2B1247020680002BB65 /* Main.storyboard in Resources */ = {isa = PBXBuildFile; fileRef = 7536E2AF247020680002BB65 /* Main.storyboard */; };
		7536E2B4247020680002BB65 /* hybrid9.xcdatamodeld in Sources */ = {isa = PBXBuildFile; fileRef = 7536E2B2247020680002BB65 /* hybrid9.xcdatamodeld */; };
		7536E2B62470206B0002BB65 /* Assets.xcassets in Resources */ = {isa = PBXBuildFile; fileRef = 7536E2B52470206B0002BB65 /* Assets.xcassets */; };
		7536E2B92470206B0002BB65 /* LaunchScreen.storyboard in Resources */ = {isa = PBXBuildFile; fileRef = 7536E2B72470206B0002BB65 /* LaunchScreen.storyboard */; };
		7536E2C42470206B0002BB65 /* hybrid9Tests.swift in Sources */ = {isa = PBXBuildFile; fileRef = 7536E2C32470206B0002BB65 /* hybrid9Tests.swift */; };
		7536E2CF2470206B0002BB65 /* hybrid9UITests.swift in Sources */ = {isa = PBXBuildFile; fileRef = 7536E2CE2470206B0002BB65 /* hybrid9UITests.swift */; };
/* End PBXBuildFile section */

/* Begin PBXContainerItemProxy section */
		7536E2C02470206B0002BB65 /* PBXContainerItemProxy */ = {
			isa = PBXContainerItemProxy;
			containerPortal = 7536E29E247020670002BB65 /* Project object */;
			proxyType = 1;
			remoteGlobalIDString = 7536E2A5247020670002BB65;
			remoteInfo = hybrid9;
		};
		7536E2CB2470206B0002BB65 /* PBXContainerItemProxy */ = {
			isa = PBXContainerItemProxy;
			containerPortal = 7536E29E247020670002BB65 /* Project object */;
			proxyType = 1;
			remoteGlobalIDString = 7536E2A5247020670002BB65;
			remoteInfo = hybrid9;
		};
/* End PBXContainerItemProxy section */

/* Begin PBXFileReference section */
		7536E2A6247020680002BB65 /* hybrid9.app */ = {isa = PBXFileReference; explicitFileType = wrapper.application; includeInIndex = 0; path = hybrid9.app; sourceTree = BUILT_PRODUCTS_DIR; };
		7536E2A9247020680002BB65 /* AppDelegate.swift */ = {isa = PBXFileReference; lastKnownFileType = sourcecode.swift; path = AppDelegate.swift; sourceTree = "<group>"; };
		7536E2AB247020680002BB65 /* SceneDelegate.swift */ = {isa = PBXFileReference; lastKnownFileType = sourcecode.swift; path = SceneDelegate.swift; sourceTree = "<group>"; };
		7536E2AD247020680002BB65 /* ViewController.swift */ = {isa = PBXFileReference; lastKnownFileType = sourcecode.swift; path = ViewController.swift; sourceTree = "<group>"; };
		7536E2B0247020680002BB65 /* Base */ = {isa = PBXFileReference; lastKnownFileType = file.storyboard; name = Base; path = Base.lproj/Main.storyboard; sourceTree = "<group>"; };
		7536E2B3247020680002BB65 /* hybrid9.xcdatamodel */ = {isa = PBXFileReference; lastKnownFileType = wrapper.xcdatamodel; path = hybrid9.xcdatamodel; sourceTree = "<group>"; };
		7536E2B52470206B0002BB65 /* Assets.xcassets */ = {isa = PBXFileReference; lastKnownFileType = folder.assetcatalog; path = Assets.xcassets; sourceTree = "<group>"; };
		7536E2B82470206B0002BB65 /* Base */ = {isa = PBXFileReference; lastKnownFileType = file.storyboard; name = Base; path = Base.lproj/LaunchScreen.storyboard; sourceTree = "<group>"; };
		7536E2BA2470206B0002BB65 /* Info.plist */ = {isa = PBXFileReference; lastKnownFileType = text.plist.xml; path = Info.plist; sourceTree = "<group>"; };
		7536E2BF2470206B0002BB65 /* hybrid9Tests.xctest */ = {isa = PBXFileReference; explicitFileType = wrapper.cfbundle; includeInIndex = 0; path = hybrid9Tests.xctest; sourceTree = BUILT_PRODUCTS_DIR; };
		7536E2C32470206B0002BB65 /* hybrid9Tests.swift */ = {isa = PBXFileReference; lastKnownFileType = sourcecode.swift; path = hybrid9Tests.swift; sourceTree = "<group>"; };
		7536E2C52470206B0002BB65 /* Info.plist */ = {isa = PBXFileReference; lastKnownFileType = text.plist.xml; path = Info.plist; sourceTree = "<group>"; };
		7536E2CA2470206B0002BB65 /* hybrid9UITests.xctest */ = {isa = PBXFileReference; explicitFileType = wrapper.cfbundle; includeInIndex = 0; path = hybrid9UITests.xctest; sourceTree = BUILT_PRODUCTS_DIR; };
		7536E2CE2470206B0002BB65 /* hybrid9UITests.swift */ = {isa = PBXFileReference; lastKnownFileType = sourcecode.swift; path = hybrid9UITests.swift; sourceTree = "<group>"; };
		7536E2D02470206B0002BB65 /* Info.plist */ = {isa = PBXFileReference; lastKnownFileType = text.plist.xml; path = Info.plist; sourceTree = "<group>"; };
/* End PBXFileReference section */

/* Begin PBXFrameworksBuildPhase section */
		7536E2A3247020670002BB65 /* Frameworks */ = {
			isa = PBXFrameworksBuildPhase;
			buildActionMask = 2147483647;
			files = (
			);
			runOnlyForDeploymentPostprocessing = 0;
		};
		7536E2BC2470206B0002BB65 /* Frameworks */ = {
			isa = PBXFrameworksBuildPhase;
			buildActionMask = 2147483647;
			files = (
			);
			runOnlyForDeploymentPostprocessing = 0;
		};
		7536E2C72470206B0002BB65 /* Frameworks */ = {
			isa = PBXFrameworksBuildPhase;
			buildActionMask = 2147483647;
			files = (
			);
			runOnlyForDeploymentPostprocessing = 0;
		};
/* End PBXFrameworksBuildPhase section */

/* Begin PBXGroup section */
		7536E29D247020670002BB65 = {
			isa = PBXGroup;
			children = (
				7536E2A8247020680002BB65 /* hybrid9 */,
				7536E2C22470206B0002BB65 /* hybrid9Tests */,
				7536E2CD2470206B0002BB65 /* hybrid9UITests */,
				7536E2A7247020680002BB65 /* Products */,
			);
			sourceTree = "<group>";
		};
		7536E2A7247020680002BB65 /* Products */ = {
			isa = PBXGroup;
			children = (
				7536E2A6247020680002BB65 /* hybrid9.app */,
				7536E2BF2470206B0002BB65 /* hybrid9Tests.xctest */,
				7536E2CA2470206B0002BB65 /* hybrid9UITests.xctest */,
			);
			name = Products;
			sourceTree = "<group>";
		};
		7536E2A8247020680002BB65 /* hybrid9 */ = {
			isa = PBXGroup;
			children = (
				7536E2A9247020680002BB65 /* AppDelegate.swift */,
				7536E2AB247020680002BB65 /* SceneDelegate.swift */,
				7536E2AD247020680002BB65 /* ViewController.swift */,
				7536E2AF247020680002BB65 /* Main.storyboard */,
				7536E2B52470206B0002BB65 /* Assets.xcassets */,
				7536E2B72470206B0002BB65 /* LaunchScreen.storyboard */,
				7536E2BA2470206B0002BB65 /* Info.plist */,
				7536E2B2247020680002BB65 /* hybrid9.xcdatamodeld */,
			);
			path = hybrid9;
			sourceTree = "<group>";
		};
		7536E2C22470206B0002BB65 /* hybrid9Tests */ = {
			isa = PBXGroup;
			children = (
				7536E2C32470206B0002BB65 /* hybrid9Tests.swift */,
				7536E2C52470206B0002BB65 /* Info.plist */,
			);
			path = hybrid9Tests;
			sourceTree = "<group>";
		};
		7536E2CD2470206B0002BB65 /* hybrid9UITests */ = {
			isa = PBXGroup;
			children = (
				7536E2CE2470206B0002BB65 /* hybrid9UITests.swift */,
				7536E2D02470206B0002BB65 /* Info.plist */,
			);
			path = hybrid9UITests;
			sourceTree = "<group>";
		};
/* End PBXGroup section */

/* Begin PBXNativeTarget section */
		7536E2A5247020670002BB65 /* hybrid9 */ = {
			isa = PBXNativeTarget;
			buildConfigurationList = 7536E2D32470206B0002BB65 /* Build configuration list for PBXNativeTarget "hybrid9" */;
			buildPhases = (
				7536E2A2247020670002BB65 /* Sources */,
				7536E2A3247020670002BB65 /* Frameworks */,
				7536E2A4247020670002BB65 /* Resources */,
			);
			buildRules = (
			);
			dependencies = (
			);
			name = hybrid9;
			productName = hybrid9;
			productReference = 7536E2A6247020680002BB65 /* hybrid9.app */;
			productType = "com.apple.product-type.application";
		};
		7536E2BE2470206B0002BB65 /* hybrid9Tests */ = {
			isa = PBXNativeTarget;
			buildConfigurationList = 7536E2D62470206B0002BB65 /* Build configuration list for PBXNativeTarget "hybrid9Tests" */;
			buildPhases = (
				7536E2BB2470206B0002BB65 /* Sources */,
				7536E2BC2470206B0002BB65 /* Frameworks */,
				7536E2BD2470206B0002BB65 /* Resources */,
			);
			buildRules = (
			);
			dependencies = (
				7536E2C12470206B0002BB65 /* PBXTargetDependency */,
			);
			name = hybrid9Tests;
			productName = hybrid9Tests;
			productReference = 7536E2BF2470206B0002BB65 /* hybrid9Tests.xctest */;
			productType = "com.apple.product-type.bundle.unit-test";
		};
		7536E2C92470206B0002BB65 /* hybrid9UITests */ = {
			isa = PBXNativeTarget;
			buildConfigurationList = 7536E2D92470206B0002BB65 /* Build configuration list for PBXNativeTarget "hybrid9UITests" */;
			buildPhases = (
				7536E2C62470206B0002BB65 /* Sources */,
				7536E2C72470206B0002BB65 /* Frameworks */,
				7536E2C82470206B0002BB65 /* Resources */,
			);
			buildRules = (
			);
			dependencies = (
				7536E2CC2470206B0002BB65 /* PBXTargetDependency */,
			);
			name = hybrid9UITests;
			productName = hybrid9UITests;
			productReference = 7536E2CA2470206B0002BB65 /* hybrid9UITests.xctest */;
			productType = "com.apple.product-type.bundle.ui-testing";
		};
/* End PBXNativeTarget section */

/* Begin PBXProject section */
		7536E29E247020670002BB65 /* Project object */ = {
			isa = PBXProject;
			attributes = {
				LastSwiftUpdateCheck = 1140;
				LastUpgradeCheck = 1140;
				ORGANIZATIONNAME = "Scott Lydon";
				TargetAttributes = {
					7536E2A5247020670002BB65 = {
						CreatedOnToolsVersion = 11.4.1;
					};
					7536E2BE2470206B0002BB65 = {
						CreatedOnToolsVersion = 11.4.1;
						TestTargetID = 7536E2A5247020670002BB65;
					};
					7536E2C92470206B0002BB65 = {
						CreatedOnToolsVersion = 11.4.1;
						TestTargetID = 7536E2A5247020670002BB65;
					};
				};
			};
			buildConfigurationList = 7536E2A1247020670002BB65 /* Build configuration list for PBXProject "hybrid9" */;
			compatibilityVersion = "Xcode 9.3";
			developmentRegion = en;
			hasScannedForEncodings = 0;
			knownRegions = (
				en,
				Base,
			);
			mainGroup = 7536E29D247020670002BB65;
			productRefGroup = 7536E2A7247020680002BB65 /* Products */;
			projectDirPath = "";
			projectRoot = "";
			targets = (
				7536E2A5247020670002BB65 /* hybrid9 */,
				7536E2BE2470206B0002BB65 /* hybrid9Tests */,
				7536E2C92470206B0002BB65 /* hybrid9UITests */,
			);
		};
/* End PBXProject section */

/* Begin PBXResourcesBuildPhase section */
		7536E2A4247020670002BB65 /* Resources */ = {
			isa = PBXResourcesBuildPhase;
			buildActionMask = 2147483647;
			files = (
				7536E2B92470206B0002BB65 /* LaunchScreen.storyboard in Resources */,
				7536E2B62470206B0002BB65 /* Assets.xcassets in Resources */,
				7536E2B1247020680002BB65 /* Main.storyboard in Resources */,
			);
			runOnlyForDeploymentPostprocessing = 0;
		};
		7536E2BD2470206B0002BB65 /* Resources */ = {
			isa = PBXResourcesBuildPhase;
			buildActionMask = 2147483647;
			files = (
			);
			runOnlyForDeploymentPostprocessing = 0;
		};
		7536E2C82470206B0002BB65 /* Resources */ = {
			isa = PBXResourcesBuildPhase;
			buildActionMask = 2147483647;
			files = (
			);
			runOnlyForDeploymentPostprocessing = 0;
		};
/* End PBXResourcesBuildPhase section */

/* Begin PBXSourcesBuildPhase section */
		7536E2A2247020670002BB65 /* Sources */ = {
			isa = PBXSourcesBuildPhase;
			buildActionMask = 2147483647;
			files = (
				7536E2B4247020680002BB65 /* hybrid9.xcdatamodeld in Sources */,
				7536E2AE247020680002BB65 /* ViewController.swift in Sources */,
				7536E2AA247020680002BB65 /* AppDelegate.swift in Sources */,
				7536E2AC247020680002BB65 /* SceneDelegate.swift in Sources */,
			);
			runOnlyForDeploymentPostprocessing = 0;
		};
		7536E2BB2470206B0002BB65 /* Sources */ = {
			isa = PBXSourcesBuildPhase;
			buildActionMask = 2147483647;
			files = (
				7536E2C42470206B0002BB65 /* hybrid9Tests.swift in Sources */,
			);
			runOnlyForDeploymentPostprocessing = 0;
		};
		7536E2C62470206B0002BB65 /* Sources */ = {
			isa = PBXSourcesBuildPhase;
			buildActionMask = 2147483647;
			files = (
				7536E2CF2470206B0002BB65 /* hybrid9UITests.swift in Sources */,
			);
			runOnlyForDeploymentPostprocessing = 0;
		};
/* End PBXSourcesBuildPhase section */

/* Begin PBXTargetDependency section */
		7536E2C12470206B0002BB65 /* PBXTargetDependency */ = {
			isa = PBXTargetDependency;
			target = 7536E2A5247020670002BB65 /* hybrid9 */;
			targetProxy = 7536E2C02470206B0002BB65 /* PBXContainerItemProxy */;
		};
		7536E2CC2470206B0002BB65 /* PBXTargetDependency */ = {
			isa = PBXTargetDependency;
			target = 7536E2A5247020670002BB65 /* hybrid9 */;
			targetProxy = 7536E2CB2470206B0002BB65 /* PBXContainerItemProxy */;
		};
/* End PBXTargetDependency section */

/* Begin PBXVariantGroup section */
		7536E2AF247020680002BB65 /* Main.storyboard */ = {
			isa = PBXVariantGroup;
			children = (
				7536E2B0247020680002BB65 /* Base */,
			);
			name = Main.storyboard;
			sourceTree = "<group>";
		};
		7536E2B72470206B0002BB65 /* LaunchScreen.storyboard */ = {
			isa = PBXVariantGroup;
			children = (
				7536E2B82470206B0002BB65 /* Base */,
			);
			name = LaunchScreen.storyboard;
			sourceTree = "<group>";
		};
/* End PBXVariantGroup section */

/* Begin XCBuildConfiguration section */
		7536E2D12470206B0002BB65 /* Debug */ = {
			isa = XCBuildConfiguration;
			buildSettings = {
				ALWAYS_SEARCH_USER_PATHS = NO;
				CLANG_ANALYZER_NONNULL = YES;
				CLANG_ANALYZER_NUMBER_OBJECT_CONVERSION = YES_AGGRESSIVE;
				CLANG_CXX_LANGUAGE_STANDARD = "gnu++14";
				CLANG_CXX_LIBRARY = "libc++";
				CLANG_ENABLE_MODULES = YES;
				CLANG_ENABLE_OBJC_ARC = YES;
				CLANG_ENABLE_OBJC_WEAK = YES;
				CLANG_WARN_BLOCK_CAPTURE_AUTORELEASING = YES;
				CLANG_WARN_BOOL_CONVERSION = YES;
				CLANG_WARN_COMMA = YES;
				CLANG_WARN_CONSTANT_CONVERSION = YES;
				CLANG_WARN_DEPRECATED_OBJC_IMPLEMENTATIONS = YES;
				CLANG_WARN_DIRECT_OBJC_ISA_USAGE = YES_ERROR;
				CLANG_WARN_DOCUMENTATION_COMMENTS = YES;
				CLANG_WARN_EMPTY_BODY = YES;
				CLANG_WARN_ENUM_CONVERSION = YES;
				CLANG_WARN_INFINITE_RECURSION = YES;
				CLANG_WARN_INT_CONVERSION = YES;
				CLANG_WARN_NON_LITERAL_NULL_CONVERSION = YES;
				CLANG_WARN_OBJC_IMPLICIT_RETAIN_SELF = YES;
				CLANG_WARN_OBJC_LITERAL_CONVERSION = YES;
				CLANG_WARN_OBJC_ROOT_CLASS = YES_ERROR;
				CLANG_WARN_RANGE_LOOP_ANALYSIS = YES;
				CLANG_WARN_STRICT_PROTOTYPES = YES;
				CLANG_WARN_SUSPICIOUS_MOVE = YES;
				CLANG_WARN_UNGUARDED_AVAILABILITY = YES_AGGRESSIVE;
				CLANG_WARN_UNREACHABLE_CODE = YES;
				CLANG_WARN__DUPLICATE_METHOD_MATCH = YES;
				COPY_PHASE_STRIP = NO;
				DEBUG_INFORMATION_FORMAT = dwarf;
				ENABLE_STRICT_OBJC_MSGSEND = YES;
				ENABLE_TESTABILITY = YES;
				GCC_C_LANGUAGE_STANDARD = gnu11;
				GCC_DYNAMIC_NO_PIC = NO;
				GCC_NO_COMMON_BLOCKS = YES;
				GCC_OPTIMIZATION_LEVEL = 0;
				GCC_PREPROCESSOR_DEFINITIONS = (
					"DEBUG=1",
					"$(inherited)",
				);
				GCC_WARN_64_TO_32_BIT_CONVERSION = YES;
				GCC_WARN_ABOUT_RETURN_TYPE = YES_ERROR;
				GCC_WARN_UNDECLARED_SELECTOR = YES;
				GCC_WARN_UNINITIALIZED_AUTOS = YES_AGGRESSIVE;
				GCC_WARN_UNUSED_FUNCTION = YES;
				GCC_WARN_UNUSED_VARIABLE = YES;
				IPHONEOS_DEPLOYMENT_TARGET = 13.4;
				MTL_ENABLE_DEBUG_INFO = INCLUDE_SOURCE;
				MTL_FAST_MATH = YES;
				ONLY_ACTIVE_ARCH = YES;
				SDKROOT = iphoneos;
				SWIFT_ACTIVE_COMPILATION_CONDITIONS = DEBUG;
				SWIFT_OPTIMIZATION_LEVEL = "-Onone";
			};
			name = Debug;
		};
		7536E2D22470206B0002BB65 /* Release */ = {
			isa = XCBuildConfiguration;
			buildSettings = {
				ALWAYS_SEARCH_USER_PATHS = NO;
				CLANG_ANALYZER_NONNULL = YES;
				CLANG_ANALYZER_NUMBER_OBJECT_CONVERSION = YES_AGGRESSIVE;
				CLANG_CXX_LANGUAGE_STANDARD = "gnu++14";
				CLANG_CXX_LIBRARY = "libc++";
				CLANG_ENABLE_MODULES = YES;
				CLANG_ENABLE_OBJC_ARC = YES;
				CLANG_ENABLE_OBJC_WEAK = YES;
				CLANG_WARN_BLOCK_CAPTURE_AUTORELEASING = YES;
				CLANG_WARN_BOOL_CONVERSION = YES;
				CLANG_WARN_COMMA = YES;
				CLANG_WARN_CONSTANT_CONVERSION = YES;
				CLANG_WARN_DEPRECATED_OBJC_IMPLEMENTATIONS = YES;
				CLANG_WARN_DIRECT_OBJC_ISA_USAGE = YES_ERROR;
				CLANG_WARN_DOCUMENTATION_COMMENTS = YES;
				CLANG_WARN_EMPTY_BODY = YES;
				CLANG_WARN_ENUM_CONVERSION = YES;
				CLANG_WARN_INFINITE_RECURSION = YES;
				CLANG_WARN_INT_CONVERSION = YES;
				CLANG_WARN_NON_LITERAL_NULL_CONVERSION = YES;
				CLANG_WARN_OBJC_IMPLICIT_RETAIN_SELF = YES;
				CLANG_WARN_OBJC_LITERAL_CONVERSION = YES;
				CLANG_WARN_OBJC_ROOT_CLASS = YES_ERROR;
				CLANG_WARN_RANGE_LOOP_ANALYSIS = YES;
				CLANG_WARN_STRICT_PROTOTYPES = YES;
				CLANG_WARN_SUSPICIOUS_MOVE = YES;
				CLANG_WARN_UNGUARDED_AVAILABILITY = YES_AGGRESSIVE;
				CLANG_WARN_UNREACHABLE_CODE = YES;
				CLANG_WARN__DUPLICATE_METHOD_MATCH = YES;
				COPY_PHASE_STRIP = NO;
				DEBUG_INFORMATION_FORMAT = "dwarf-with-dsym";
				ENABLE_NS_ASSERTIONS = NO;
				ENABLE_STRICT_OBJC_MSGSEND = YES;
				GCC_C_LANGUAGE_STANDARD = gnu11;
				GCC_NO_COMMON_BLOCKS = YES;
				GCC_WARN_64_TO_32_BIT_CONVERSION = YES;
				GCC_WARN_ABOUT_RETURN_TYPE = YES_ERROR;
				GCC_WARN_UNDECLARED_SELECTOR = YES;
				GCC_WARN_UNINITIALIZED_AUTOS = YES_AGGRESSIVE;
				GCC_WARN_UNUSED_FUNCTION = YES;
				GCC_WARN_UNUSED_VARIABLE = YES;
				IPHONEOS_DEPLOYMENT_TARGET = 13.4;
				MTL_ENABLE_DEBUG_INFO = NO;
				MTL_FAST_MATH = YES;
				SDKROOT = iphoneos;
				SWIFT_COMPILATION_MODE = wholemodule;
				SWIFT_OPTIMIZATION_LEVEL = "-O";
				VALIDATE_PRODUCT = YES;
			};
			name = Release;
		};
		7536E2D42470206B0002BB65 /* Debug */ = {
			isa = XCBuildConfiguration;
			buildSettings = {
				ASSETCATALOG_COMPILER_APPICON_NAME = AppIcon;
				CODE_SIGN_STYLE = Automatic;
				DEVELOPMENT_TEAM = 8L7Z3WU967;
				INFOPLIST_FILE = hybrid9/Info.plist;
				LD_RUNPATH_SEARCH_PATHS = (
					"$(inherited)",
					"@executable_path/Frameworks",
				);
				PRODUCT_BUNDLE_IDENTIFIER = ScottLydon.hybrid9;
				PRODUCT_NAME = "$(TARGET_NAME)";
				SWIFT_VERSION = 5.0;
				TARGETED_DEVICE_FAMILY = "1,2";
			};
			name = Debug;
		};
		7536E2D52470206B0002BB65 /* Release */ = {
			isa = XCBuildConfiguration;
			buildSettings = {
				ASSETCATALOG_COMPILER_APPICON_NAME = AppIcon;
				CODE_SIGN_STYLE = Automatic;
				DEVELOPMENT_TEAM = 8L7Z3WU967;
				INFOPLIST_FILE = hybrid9/Info.plist;
				LD_RUNPATH_SEARCH_PATHS = (
					"$(inherited)",
					"@executable_path/Frameworks",
				);
				PRODUCT_BUNDLE_IDENTIFIER = ScottLydon.hybrid9;
				PRODUCT_NAME = "$(TARGET_NAME)";
				SWIFT_VERSION = 5.0;
				TARGETED_DEVICE_FAMILY = "1,2";
			};
			name = Release;
		};
		7536E2D72470206B0002BB65 /* Debug */ = {
			isa = XCBuildConfiguration;
			buildSettings = {
				ALWAYS_EMBED_SWIFT_STANDARD_LIBRARIES = YES;
				BUNDLE_LOADER = "$(TEST_HOST)";
				CODE_SIGN_STYLE = Automatic;
				DEVELOPMENT_TEAM = 8L7Z3WU967;
				INFOPLIST_FILE = hybrid9Tests/Info.plist;
				IPHONEOS_DEPLOYMENT_TARGET = 13.4;
				LD_RUNPATH_SEARCH_PATHS = (
					"$(inherited)",
					"@executable_path/Frameworks",
					"@loader_path/Frameworks",
				);
				PRODUCT_BUNDLE_IDENTIFIER = ScottLydon.hybrid9Tests;
				PRODUCT_NAME = "$(TARGET_NAME)";
				SWIFT_VERSION = 5.0;
				TARGETED_DEVICE_FAMILY = "1,2";
				TEST_HOST = "$(BUILT_PRODUCTS_DIR)/hybrid9.app/hybrid9";
			};
			name = Debug;
		};
		7536E2D82470206B0002BB65 /* Release */ = {
			isa = XCBuildConfiguration;
			buildSettings = {
				ALWAYS_EMBED_SWIFT_STANDARD_LIBRARIES = YES;
				BUNDLE_LOADER = "$(TEST_HOST)";
				CODE_SIGN_STYLE = Automatic;
				DEVELOPMENT_TEAM = 8L7Z3WU967;
				INFOPLIST_FILE = hybrid9Tests/Info.plist;
				IPHONEOS_DEPLOYMENT_TARGET = 13.4;
				LD_RUNPATH_SEARCH_PATHS = (
					"$(inherited)",
					"@executable_path/Frameworks",
					"@loader_path/Frameworks",
				);
				PRODUCT_BUNDLE_IDENTIFIER = ScottLydon.hybrid9Tests;
				PRODUCT_NAME = "$(TARGET_NAME)";
				SWIFT_VERSION = 5.0;
				TARGETED_DEVICE_FAMILY = "1,2";
				TEST_HOST = "$(BUILT_PRODUCTS_DIR)/hybrid9.app/hybrid9";
			};
			name = Release;
		};
		7536E2DA2470206B0002BB65 /* Debug */ = {
			isa = XCBuildConfiguration;
			buildSettings = {
				ALWAYS_EMBED_SWIFT_STANDARD_LIBRARIES = YES;
				CODE_SIGN_STYLE = Automatic;
				DEVELOPMENT_TEAM = 8L7Z3WU967;
				INFOPLIST_FILE = hybrid9UITests/Info.plist;
				LD_RUNPATH_SEARCH_PATHS = (
					"$(inherited)",
					"@executable_path/Frameworks",
					"@loader_path/Frameworks",
				);
				PRODUCT_BUNDLE_IDENTIFIER = ScottLydon.hybrid9UITests;
				PRODUCT_NAME = "$(TARGET_NAME)";
				SWIFT_VERSION = 5.0;
				TARGETED_DEVICE_FAMILY = "1,2";
				TEST_TARGET_NAME = hybrid9;
			};
			name = Debug;
		};
		7536E2DB2470206B0002BB65 /* Release */ = {
			isa = XCBuildConfiguration;
			buildSettings = {
				ALWAYS_EMBED_SWIFT_STANDARD_LIBRARIES = YES;
				CODE_SIGN_STYLE = Automatic;
				DEVELOPMENT_TEAM = 8L7Z3WU967;
				INFOPLIST_FILE = hybrid9UITests/Info.plist;
				LD_RUNPATH_SEARCH_PATHS = (
					"$(inherited)",
					"@executable_path/Frameworks",
					"@loader_path/Frameworks",
				);
				PRODUCT_BUNDLE_IDENTIFIER = ScottLydon.hybrid9UITests;
				PRODUCT_NAME = "$(TARGET_NAME)";
				SWIFT_VERSION = 5.0;
				TARGETED_DEVICE_FAMILY = "1,2";
				TEST_TARGET_NAME = hybrid9;
			};
			name = Release;
		};
/* End XCBuildConfiguration section */

/* Begin XCConfigurationList section */
		7536E2A1247020670002BB65 /* Build configuration list for PBXProject "hybrid9" */ = {
			isa = XCConfigurationList;
			buildConfigurations = (
				7536E2D12470206B0002BB65 /* Debug */,
				7536E2D22470206B0002BB65 /* Release */,
			);
			defaultConfigurationIsVisible = 0;
			defaultConfigurationName = Release;
		};
		7536E2D32470206B0002BB65 /* Build configuration list for PBXNativeTarget "hybrid9" */ = {
			isa = XCConfigurationList;
			buildConfigurations = (
				7536E2D42470206B0002BB65 /* Debug */,
				7536E2D52470206B0002BB65 /* Release */,
			);
			defaultConfigurationIsVisible = 0;
			defaultConfigurationName = Release;
		};
		7536E2D62470206B0002BB65 /* Build configuration list for PBXNativeTarget "hybrid9Tests" */ = {
			isa = XCConfigurationList;
			buildConfigurations = (
				7536E2D72470206B0002BB65 /* Debug */,
				7536E2D82470206B0002BB65 /* Release */,
			);
			defaultConfigurationIsVisible = 0;
			defaultConfigurationName = Release;
		};
		7536E2D92470206B0002BB65 /* Build configuration list for PBXNativeTarget "hybrid9UITests" */ = {
			isa = XCConfigurationList;
			buildConfigurations = (
				7536E2DA2470206B0002BB65 /* Debug */,
				7536E2DB2470206B0002BB65 /* Release */,
			);
			defaultConfigurationIsVisible = 0;
			defaultConfigurationName = Release;
		};
/* End XCConfigurationList section */

/* Begin XCVersionGroup section */
		7536E2B2247020680002BB65 /* hybrid9.xcdatamodeld */ = {
			isa = XCVersionGroup;
			children = (
				7536E2B3247020680002BB65 /* hybrid9.xcdatamodel */,
			);
			currentVersion = 7536E2B3247020680002BB65 /* hybrid9.xcdatamodel */;
			path = hybrid9.xcdatamodeld;
			sourceTree = "<group>";
			versionGroupType = wrapper.xcdatamodel;
		};
/* End XCVersionGroup section */
	};
	rootObject = 7536E29E247020670002BB65 /* Project object */;
}
